# This file is autogenerated, do not edit; changes may be undone by the next 'dep ensure'.


[[projects]]
  name = "github.com/gogo/protobuf"
  packages = [
    "gogoproto",
    "jsonpb",
    "plugin/compare",
    "plugin/defaultcheck",
    "plugin/description",
    "plugin/embedcheck",
    "plugin/enumstringer",
    "plugin/equal",
    "plugin/face",
    "plugin/gostring",
    "plugin/marshalto",
    "plugin/oneofcheck",
    "plugin/populate",
    "plugin/size",
    "plugin/stringer",
    "plugin/testgen",
    "plugin/union",
    "plugin/unmarshal",
    "proto",
    "protoc-gen-gogo/descriptor",
    "protoc-gen-gogo/generator",
    "protoc-gen-gogo/grpc",
    "protoc-gen-gogo/plugin",
    "protoc-gen-gogoslick",
    "sortkeys",
    "types",
    "vanity",
    "vanity/command"
  ]
  revision = "342cbe0a04158f6dcb03ca0079991a51a4248c02"
  version = "v0.5"

[[projects]]
  branch = "master"
  name = "github.com/hashicorp/errwrap"
  packages = ["."]
  revision = "7554cd9344cec97297fa6649b055a8c98c2a1e55"

[[projects]]
  branch = "master"
  name = "github.com/hashicorp/go-multierror"
  packages = ["."]
  revision = "b7773ae218740a7be65057fc60b366a49b538a44"

[[projects]]
  name = "istio.io/api"
  packages = [
    "mixer/v1/config/descriptor",
    "mixer/v1/template"
  ]
  revision = "87a9d695c8a65f11db006a9108904934c6c9caeb"

[[projects]]
  branch = "master"
  name = "istio.io/gogo-genproto"
  packages = ["googleapis/google/rpc"]
  revision = "dd2b5b6a8f1400838165245e704a011a30154a44"

[[projects]]
  name = "istio.io/istio"
  packages = [
    "mixer/pkg/adapter",
    "mixer/pkg/adapter/test",
    "mixer/pkg/status",
    "mixer/template/checknothing",
    "mixer/template/reportnothing"
  ]
  revision = "30acfe6528107ea333543309095659b93364b30d"
  version = "0.5.1"

[solve-meta]
  analyzer-name = "dep"
  analyzer-version = 1
  inputs-digest = "b32659711c7ae9fa5dd57370b710d14b24316a239c9c6560ff82e1b8ce7da759"
  solver-name = "gps-cdcl"
  solver-version = 1
